PODS:
  - Mediasoup-Client-Swift (0.8.2)

DEPENDENCIES:
  - Mediasoup-Client-Swift (from `../`)

EXTERNAL SOURCES:
  Mediasoup-Client-Swift:
    :path: "../"

SPEC CHECKSUMS:
  Mediasoup-Client-Swift: 2a51cd251a0885c5b92a5e1acd66cc1aef0c1451

PODFILE CHECKSUM: d4fe3294dd9c7fc46519b6a7b26527f1f545e8d3

COCOAPODS: 1.16.2
