PODS:
  - Mediasoup-Client-Swift (0.8.3)

DEPENDENCIES:
  - Mediasoup-Client-Swift (from `../`)

EXTERNAL SOURCES:
  Mediasoup-Client-Swift:
    :path: "../"

SPEC CHECKSUMS:
  Mediasoup-Client-Swift: e6d02ab06286cec3416aad124d1f51d371f4d577

PODFILE CHECKSUM: d4fe3294dd9c7fc46519b6a7b26527f1f545e8d3

COCOAPODS: 1.16.2
